{
  "name": "svelte-io",
  "version": "1.0.0",
  "lockfileVersion": 2,
  "requires": true,
  "packages": {
    "": {
      "name": "svelte-io",
      "version": "1.0.0",
      "license": "MIT",
      "dependencies": {
        "fantasy-land": "^5.0.0",
        "svelte-io": "github:foxfriends/svelte-io"
      },
      "peerDependencies": {
        "svelte": "^3.39.0"
      }
    },
    "node_modules/fantasy-land": {
      "version": "5.0.0",
      "resolved": "https://registry.npmjs.org/fantasy-land/-/fantasy-land-5.0.0.tgz",
      "integrity": "sha512-4LlU+1GjZxgs+NCV72RO+VPKETud0WOGuBuZaVoennE0F4eyGJDaaUHXhzwiXU9A7qBCnE2o9ONG5tlCfTw6+A=="
    },
    "node_modules/svelte": {
      "version": "3.42.6",
      "resolved": "https://registry.npmjs.org/svelte/-/svelte-3.42.6.tgz",
      "integrity": "sha512-lAcryr9Do2PeGtbodspX5I4kWj4yWYAa2WGpDCwzNkP3y8WZTxigMd4/TMO1rBZEOkMYGn4ZXrbAlSEGhK6q3w==",
      "peer": true,
      "engines": {
        "node": ">= 8"
      }
    },
    "node_modules/svelte-io": {
      "version": "1.0.0",
      "resolved": "git+ssh://git@github.com/foxfriends/svelte-io.git#d71570d2287f1cf9fd61424603758fef25fe37ef",
      "license": "MIT",
      "dependencies": {
        "fantasy-land": "^5.0.0"
      },
      "peerDependencies": {
        "svelte": "^3.39.0"
      }
    }
  },
  "dependencies": {
    "fantasy-land": {
      "version": "5.0.0",
      "resolved": "https://registry.npmjs.org/fantasy-land/-/fantasy-land-5.0.0.tgz",
      "integrity": "sha512-4LlU+1GjZxgs+NCV72RO+VPKETud0WOGuBuZaVoennE0F4eyGJDaaUHXhzwiXU9A7qBCnE2o9ONG5tlCfTw6+A=="
    },
    "svelte": {
      "version": "3.42.6",
      "resolved": "https://registry.npmjs.org/svelte/-/svelte-3.42.6.tgz",
      "integrity": "sha512-lAcryr9Do2PeGtbodspX5I4kWj4yWYAa2WGpDCwzNkP3y8WZTxigMd4/TMO1rBZEOkMYGn4ZXrbAlSEGhK6q3w==",
      "peer": true
    },
    "svelte-io": {
      "version": "git+ssh://git@github.com/foxfriends/svelte-io.git#d71570d2287f1cf9fd61424603758fef25fe37ef",
      "from": "svelte-io@github:foxfriends/svelte-io",
      "requires": {
        "fantasy-land": "^5.0.0"
      }
    }
  }
}
